
Microsoft Visual Studio Solution File, Format Version 12.00
# Visual Studio 15
VisualStudioVersion = 15.0.27703.2047
MinimumVisualStudioVersion = 10.0.40219.1
Project("{FAE04EC0-301F-11D3-BF4B-00C04F79EFBC}") = "Newton's method", "Bisection method\Newton's method.csproj", "{C1EA1AED-492C-4A28-80E9-442394250B71}"
EndProject
Global
	GlobalSection(SolutionConfigurationPlatforms) = preSolution
		Debug|Any CPU = Debug|Any CPU
		Release|Any CPU = Release|Any CPU
	EndGlobalSection
	GlobalSection(ProjectConfigurationPlatforms) = postSolution
		{C1EA1AED-492C-4A28-80E9-442394250B71}.Debug|Any CPU.ActiveCfg = Debug|Any CPU
		{C1EA1AED-492C-4A28-80E9-442394250B71}.Debug|Any CPU.Build.0 = Debug|Any CPU
		{C1EA1AED-492C-4A28-80E9-442394250B71}.Release|Any CPU.ActiveCfg = Release|Any CPU
		{C1EA1AED-492C-4A28-80E9-442394250B71}.Release|Any CPU.Build.0 = Release|Any CPU
	EndGlobalSection
	GlobalSection(SolutionProperties) = preSolution
		HideSolutionNode = FALSE
	EndGlobalSection
	GlobalSection(ExtensibilityGlobals) = postSolution
		SolutionGuid = {30E34852-55AC-42BE-B1BB-4C3ED074EC1A}
	EndGlobalSection
EndGlobal
